
Microsoft Visual Studio Solution File, Format Version 12.00
# Visual Studio Version 17
VisualStudioVersion = 17.10.35013.160
MinimumVisualStudioVersion = 10.0.40219.1
Project("{9A19103F-16F7-4668-BE54-9A1E7A4F7556}") = "CS2-SourceBans", "CS2-SourceBans.csproj", "{61D8999E-C443-43D9-9BDF-5E3B8721FAD9}"
EndProject
Global
	GlobalSection(SolutionConfigurationPlatforms) = preSolution
		Debug|Any CPU = Debug|Any CPU
		Release|Any CPU = Release|Any CPU
	EndGlobalSection
	GlobalSection(ProjectConfigurationPlatforms) = postSolution
		{61D8999E-C443-43D9-9BDF-5E3B8721FAD9}.Debug|Any CPU.ActiveCfg = Debug|Any CPU
		{61D8999E-C443-43D9-9BDF-5E3B8721FAD9}.Debug|Any CPU.Build.0 = Debug|Any CPU
		{61D8999E-C443-43D9-9BDF-5E3B8721FAD9}.Release|Any CPU.ActiveCfg = Release|Any CPU
		{61D8999E-C443-43D9-9BDF-5E3B8721FAD9}.Release|Any CPU.Build.0 = Release|Any CPU
	EndGlobalSection
	GlobalSection(SolutionProperties) = preSolution
		HideSolutionNode = FALSE
	EndGlobalSection
	GlobalSection(ExtensibilityGlobals) = postSolution
		SolutionGuid = {78CD296A-C15A-4525-B042-11C1A54EC16F}
	EndGlobalSection
EndGlobal
